
Microsoft Visual Studio Solution File, Format Version 12.00
Project("{FAE04EC0-301F-11D3-BF4B-00C04F79EFBC}") = "RPNCalculator", "RPNCalculator.csproj", "{8CB3A280-042B-47BF-9ACF-470E86EEBF79}"
EndProject
Project("{FAE04EC0-301F-11D3-BF4B-00C04F79EFBC}") = "RPNCalculator.Core", "RPNCalculator.Core\RPNCalculator.Core.csproj", "{5E640195-E74B-4741-9960-6E71224B1AD2}"
EndProject
Global
	GlobalSection(SolutionConfigurationPlatforms) = preSolution
		Debug|Any CPU = Debug|Any CPU
		Release|Any CPU = Release|Any CPU
	EndGlobalSection
	GlobalSection(ProjectConfigurationPlatforms) = postSolution
		{8CB3A280-042B-47BF-9ACF-470E86EEBF79}.Debug|Any CPU.ActiveCfg = Debug|Any CPU
		{8CB3A280-042B-47BF-9ACF-470E86EEBF79}.Debug|Any CPU.Build.0 = Debug|Any CPU
		{8CB3A280-042B-47BF-9ACF-470E86EEBF79}.Release|Any CPU.ActiveCfg = Release|Any CPU
		{8CB3A280-042B-47BF-9ACF-470E86EEBF79}.Release|Any CPU.Build.0 = Release|Any CPU
		{5E640195-E74B-4741-9960-6E71224B1AD2}.Debug|Any CPU.ActiveCfg = Debug|Any CPU
		{5E640195-E74B-4741-9960-6E71224B1AD2}.Debug|Any CPU.Build.0 = Debug|Any CPU
		{5E640195-E74B-4741-9960-6E71224B1AD2}.Release|Any CPU.ActiveCfg = Release|Any CPU
		{5E640195-E74B-4741-9960-6E71224B1AD2}.Release|Any CPU.Build.0 = Release|Any CPU
	EndGlobalSection
EndGlobal
